
Microsoft Visual Studio Solution File, Format Version 12.00
# Visual Studio Version 17
VisualStudioVersion = 17.8.34511.84
MinimumVisualStudioVersion = 10.0.40219.1
Project("{FAE04EC0-301F-11D3-BF4B-00C04F79EFBC}") = "QuizApp", "QuizApp\QuizApp.csproj", "{90011735-75BE-4FDA-BBBB-B957702EF604}"
EndProject
Global
	GlobalSection(SolutionConfigurationPlatforms) = preSolution
		Debug|Any CPU = Debug|Any CPU
		Release|Any CPU = Release|Any CPU
	EndGlobalSection
	GlobalSection(ProjectConfigurationPlatforms) = postSolution
		{90011735-75BE-4FDA-BBBB-B957702EF604}.Debug|Any CPU.ActiveCfg = Debug|Any CPU
		{90011735-75BE-4FDA-BBBB-B957702EF604}.Debug|Any CPU.Build.0 = Debug|Any CPU
		{90011735-75BE-4FDA-BBBB-B957702EF604}.Release|Any CPU.ActiveCfg = Release|Any CPU
		{90011735-75BE-4FDA-BBBB-B957702EF604}.Release|Any CPU.Build.0 = Release|Any CPU
		{89E86BF0-BE97-4D00-8B5A-FE7F66972382}.Debug|Any CPU.ActiveCfg = Debug|Any CPU
		{89E86BF0-BE97-4D00-8B5A-FE7F66972382}.Debug|Any CPU.Build.0 = Debug|Any CPU
		{89E86BF0-BE97-4D00-8B5A-FE7F66972382}.Release|Any CPU.ActiveCfg = Release|Any CPU
		{89E86BF0-BE97-4D00-8B5A-FE7F66972382}.Release|Any CPU.Build.0 = Release|Any CPU
	EndGlobalSection
	GlobalSection(SolutionProperties) = preSolution
		HideSolutionNode = FALSE
	EndGlobalSection
	GlobalSection(ExtensibilityGlobals) = postSolution
		SolutionGuid = {8853BE4F-1D2A-4B54-B539-8CA16DB9B5C7}
	EndGlobalSection
EndGlobal
